
Microsoft Visual Studio Solution File, Format Version 12.00
# Visual Studio Version 17
VisualStudioVersion = 17.0.31903.59
MinimumVisualStudioVersion = 10.0.40219.1
Project("{2150E333-8FDC-42A3-9474-1A3956D46DE8}") = "src", "src", "{827E0CD3-B72D-47B6-A68D-7590B98EB39B}"
EndProject
Project("{FAE04EC0-301F-11D3-BF4B-00C04F79EFBC}") = "ElevatorSystem.Domain", "src\ElevatorSystem.Domain\ElevatorSystem.Domain.csproj", "{397C0C81-66EC-4976-B64C-E227F5882048}"
EndProject
Project("{FAE04EC0-301F-11D3-BF4B-00C04F79EFBC}") = "ElevatorSystem.Application", "src\ElevatorSystem.Application\ElevatorSystem.Application.csproj", "{B5EC977E-A0D0-4889-B132-7188D8C72E7D}"
EndProject
Project("{FAE04EC0-301F-11D3-BF4B-00C04F79EFBC}") = "ElevatorSystem.Infrastructure", "src\ElevatorSystem.Infrastructure\ElevatorSystem.Infrastructure.csproj", "{D1FE66D7-48D6-420D-93DE-CCE7E7258864}"
EndProject
Project("{FAE04EC0-301F-11D3-BF4B-00C04F79EFBC}") = "ElevatorSystem.Api", "src\ElevatorSystem.Api\ElevatorSystem.Api.csproj", "{BE5ABADD-F79D-4012-A6FF-ABB64C70FA9E}"
EndProject
Project("{2150E333-8FDC-42A3-9474-1A3956D46DE8}") = "tests", "tests", "{0AB3BF05-4346-4AA6-1389-037BE0695223}"
EndProject
Project("{FAE04EC0-301F-11D3-BF4B-00C04F79EFBC}") = "ElevatorSystem.Application.Tests", "tests\ElevatorSystem.Application.Tests\ElevatorSystem.Application.Tests.csproj", "{9B66D1FC-FA96-4269-86C0-6B11AE5A6614}"
EndProject
Project("{FAE04EC0-301F-11D3-BF4B-00C04F79EFBC}") = "ElevatorSystem.Api.Tests", "tests\ElevatorSystem.Api.Tests\ElevatorSystem.Api.Tests.csproj", "{D5F73416-0E6E-41A7-9525-02F7AE45691E}"
EndProject
Global
	GlobalSection(SolutionConfigurationPlatforms) = preSolution
		Debug|Any CPU = Debug|Any CPU
		Debug|x64 = Debug|x64
		Debug|x86 = Debug|x86
		Release|Any CPU = Release|Any CPU
		Release|x64 = Release|x64
		Release|x86 = Release|x86
	EndGlobalSection
	GlobalSection(ProjectConfigurationPlatforms) = postSolution
		{397C0C81-66EC-4976-B64C-E227F5882048}.Debug|Any CPU.ActiveCfg = Debug|Any CPU
		{397C0C81-66EC-4976-B64C-E227F5882048}.Debug|Any CPU.Build.0 = Debug|Any CPU
		{397C0C81-66EC-4976-B64C-E227F5882048}.Debug|x64.ActiveCfg = Debug|Any CPU
		{397C0C81-66EC-4976-B64C-E227F5882048}.Debug|x64.Build.0 = Debug|Any CPU
		{397C0C81-66EC-4976-B64C-E227F5882048}.Debug|x86.ActiveCfg = Debug|Any CPU
		{397C0C81-66EC-4976-B64C-E227F5882048}.Debug|x86.Build.0 = Debug|Any CPU
		{397C0C81-66EC-4976-B64C-E227F5882048}.Release|Any CPU.ActiveCfg = Release|Any CPU
		{397C0C81-66EC-4976-B64C-E227F5882048}.Release|Any CPU.Build.0 = Release|Any CPU
		{397C0C81-66EC-4976-B64C-E227F5882048}.Release|x64.ActiveCfg = Release|Any CPU
		{397C0C81-66EC-4976-B64C-E227F5882048}.Release|x64.Build.0 = Release|Any CPU
		{397C0C81-66EC-4976-B64C-E227F5882048}.Release|x86.ActiveCfg = Release|Any CPU
		{397C0C81-66EC-4976-B64C-E227F5882048}.Release|x86.Build.0 = Release|Any CPU
		{B5EC977E-A0D0-4889-B132-7188D8C72E7D}.Debug|Any CPU.ActiveCfg = Debug|Any CPU
		{B5EC977E-A0D0-4889-B132-7188D8C72E7D}.Debug|Any CPU.Build.0 = Debug|Any CPU
		{B5EC977E-A0D0-4889-B132-7188D8C72E7D}.Debug|x64.ActiveCfg = Debug|Any CPU
		{B5EC977E-A0D0-4889-B132-7188D8C72E7D}.Debug|x64.Build.0 = Debug|Any CPU
		{B5EC977E-A0D0-4889-B132-7188D8C72E7D}.Debug|x86.ActiveCfg = Debug|Any CPU
		{B5EC977E-A0D0-4889-B132-7188D8C72E7D}.Debug|x86.Build.0 = Debug|Any CPU
		{B5EC977E-A0D0-4889-B132-7188D8C72E7D}.Release|Any CPU.ActiveCfg = Release|Any CPU
		{B5EC977E-A0D0-4889-B132-7188D8C72E7D}.Release|Any CPU.Build.0 = Release|Any CPU
		{B5EC977E-A0D0-4889-B132-7188D8C72E7D}.Release|x64.ActiveCfg = Release|Any CPU
		{B5EC977E-A0D0-4889-B132-7188D8C72E7D}.Release|x64.Build.0 = Release|Any CPU
		{B5EC977E-A0D0-4889-B132-7188D8C72E7D}.Release|x86.ActiveCfg = Release|Any CPU
		{B5EC977E-A0D0-4889-B132-7188D8C72E7D}.Release|x86.Build.0 = Release|Any CPU
		{D1FE66D7-48D6-420D-93DE-CCE7E7258864}.Debug|Any CPU.ActiveCfg = Debug|Any CPU
		{D1FE66D7-48D6-420D-93DE-CCE7E7258864}.Debug|Any CPU.Build.0 = Debug|Any CPU
		{D1FE66D7-48D6-420D-93DE-CCE7E7258864}.Debug|x64.ActiveCfg = Debug|Any CPU
		{D1FE66D7-48D6-420D-93DE-CCE7E7258864}.Debug|x64.Build.0 = Debug|Any CPU
		{D1FE66D7-48D6-420D-93DE-CCE7E7258864}.Debug|x86.ActiveCfg = Debug|Any CPU
		{D1FE66D7-48D6-420D-93DE-CCE7E7258864}.Debug|x86.Build.0 = Debug|Any CPU
		{D1FE66D7-48D6-420D-93DE-CCE7E7258864}.Release|Any CPU.ActiveCfg = Release|Any CPU
		{D1FE66D7-48D6-420D-93DE-CCE7E7258864}.Release|Any CPU.Build.0 = Release|Any CPU
		{D1FE66D7-48D6-420D-93DE-CCE7E7258864}.Release|x64.ActiveCfg = Release|Any CPU
		{D1FE66D7-48D6-420D-93DE-CCE7E7258864}.Release|x64.Build.0 = Release|Any CPU
		{D1FE66D7-48D6-420D-93DE-CCE7E7258864}.Release|x86.ActiveCfg = Release|Any CPU
		{D1FE66D7-48D6-420D-93DE-CCE7E7258864}.Release|x86.Build.0 = Release|Any CPU
		{BE5ABADD-F79D-4012-A6FF-ABB64C70FA9E}.Debug|Any CPU.ActiveCfg = Debug|Any CPU
		{BE5ABADD-F79D-4012-A6FF-ABB64C70FA9E}.Debug|Any CPU.Build.0 = Debug|Any CPU
		{BE5ABADD-F79D-4012-A6FF-ABB64C70FA9E}.Debug|x64.ActiveCfg = Debug|Any CPU
		{BE5ABADD-F79D-4012-A6FF-ABB64C70FA9E}.Debug|x64.Build.0 = Debug|Any CPU
		{BE5ABADD-F79D-4012-A6FF-ABB64C70FA9E}.Debug|x86.ActiveCfg = Debug|Any CPU
		{BE5ABADD-F79D-4012-A6FF-ABB64C70FA9E}.Debug|x86.Build.0 = Debug|Any CPU
		{BE5ABADD-F79D-4012-A6FF-ABB64C70FA9E}.Release|Any CPU.ActiveCfg = Release|Any CPU
		{BE5ABADD-F79D-4012-A6FF-ABB64C70FA9E}.Release|Any CPU.Build.0 = Release|Any CPU
		{BE5ABADD-F79D-4012-A6FF-ABB64C70FA9E}.Release|x64.ActiveCfg = Release|Any CPU
		{BE5ABADD-F79D-4012-A6FF-ABB64C70FA9E}.Release|x64.Build.0 = Release|Any CPU
		{BE5ABADD-F79D-4012-A6FF-ABB64C70FA9E}.Release|x86.ActiveCfg = Release|Any CPU
		{BE5ABADD-F79D-4012-A6FF-ABB64C70FA9E}.Release|x86.Build.0 = Release|Any CPU
		{BB870CD1-C526-46C1-B598-F06F61C0A8DE}.Debug|Any CPU.ActiveCfg = Debug|Any CPU
		{BB870CD1-C526-46C1-B598-F06F61C0A8DE}.Debug|Any CPU.Build.0 = Debug|Any CPU
		{BB870CD1-C526-46C1-B598-F06F61C0A8DE}.Debug|x64.ActiveCfg = Debug|Any CPU
		{BB870CD1-C526-46C1-B598-F06F61C0A8DE}.Debug|x64.Build.0 = Debug|Any CPU
		{BB870CD1-C526-46C1-B598-F06F61C0A8DE}.Debug|x86.ActiveCfg = Debug|Any CPU
		{BB870CD1-C526-46C1-B598-F06F61C0A8DE}.Debug|x86.Build.0 = Debug|Any CPU
		{BB870CD1-C526-46C1-B598-F06F61C0A8DE}.Release|Any CPU.ActiveCfg = Release|Any CPU
		{BB870CD1-C526-46C1-B598-F06F61C0A8DE}.Release|Any CPU.Build.0 = Release|Any CPU
		{BB870CD1-C526-46C1-B598-F06F61C0A8DE}.Release|x64.ActiveCfg = Release|Any CPU
		{BB870CD1-C526-46C1-B598-F06F61C0A8DE}.Release|x64.Build.0 = Release|Any CPU
		{BB870CD1-C526-46C1-B598-F06F61C0A8DE}.Release|x86.ActiveCfg = Release|Any CPU
		{BB870CD1-C526-46C1-B598-F06F61C0A8DE}.Release|x86.Build.0 = Release|Any CPU
		{9B66D1FC-FA96-4269-86C0-6B11AE5A6614}.Debug|Any CPU.ActiveCfg = Debug|Any CPU
		{9B66D1FC-FA96-4269-86C0-6B11AE5A6614}.Debug|Any CPU.Build.0 = Debug|Any CPU
		{9B66D1FC-FA96-4269-86C0-6B11AE5A6614}.Debug|x64.ActiveCfg = Debug|Any CPU
		{9B66D1FC-FA96-4269-86C0-6B11AE5A6614}.Debug|x64.Build.0 = Debug|Any CPU
		{9B66D1FC-FA96-4269-86C0-6B11AE5A6614}.Debug|x86.ActiveCfg = Debug|Any CPU
		{9B66D1FC-FA96-4269-86C0-6B11AE5A6614}.Debug|x86.Build.0 = Debug|Any CPU
		{9B66D1FC-FA96-4269-86C0-6B11AE5A6614}.Release|Any CPU.ActiveCfg = Release|Any CPU
		{9B66D1FC-FA96-4269-86C0-6B11AE5A6614}.Release|Any CPU.Build.0 = Release|Any CPU
		{9B66D1FC-FA96-4269-86C0-6B11AE5A6614}.Release|x64.ActiveCfg = Release|Any CPU
		{9B66D1FC-FA96-4269-86C0-6B11AE5A6614}.Release|x64.Build.0 = Release|Any CPU
		{9B66D1FC-FA96-4269-86C0-6B11AE5A6614}.Release|x86.ActiveCfg = Release|Any CPU
		{9B66D1FC-FA96-4269-86C0-6B11AE5A6614}.Release|x86.Build.0 = Release|Any CPU
		{D5F73416-0E6E-41A7-9525-02F7AE45691E}.Debug|Any CPU.ActiveCfg = Debug|Any CPU
		{D5F73416-0E6E-41A7-9525-02F7AE45691E}.Debug|Any CPU.Build.0 = Debug|Any CPU
		{D5F73416-0E6E-41A7-9525-02F7AE45691E}.Debug|x64.ActiveCfg = Debug|Any CPU
		{D5F73416-0E6E-41A7-9525-02F7AE45691E}.Debug|x64.Build.0 = Debug|Any CPU
		{D5F73416-0E6E-41A7-9525-02F7AE45691E}.Debug|x86.ActiveCfg = Debug|Any CPU
		{D5F73416-0E6E-41A7-9525-02F7AE45691E}.Debug|x86.Build.0 = Debug|Any CPU
		{D5F73416-0E6E-41A7-9525-02F7AE45691E}.Release|Any CPU.ActiveCfg = Release|Any CPU
		{D5F73416-0E6E-41A7-9525-02F7AE45691E}.Release|Any CPU.Build.0 = Release|Any CPU
		{D5F73416-0E6E-41A7-9525-02F7AE45691E}.Release|x64.ActiveCfg = Release|Any CPU
		{D5F73416-0E6E-41A7-9525-02F7AE45691E}.Release|x64.Build.0 = Release|Any CPU
		{D5F73416-0E6E-41A7-9525-02F7AE45691E}.Release|x86.ActiveCfg = Release|Any CPU
		{D5F73416-0E6E-41A7-9525-02F7AE45691E}.Release|x86.Build.0 = Release|Any CPU
		{E87D6D34-86FE-4118-9E0A-C414ED5946E9}.Debug|Any CPU.ActiveCfg = Debug|Any CPU
		{E87D6D34-86FE-4118-9E0A-C414ED5946E9}.Debug|Any CPU.Build.0 = Debug|Any CPU
		{E87D6D34-86FE-4118-9E0A-C414ED5946E9}.Debug|x64.ActiveCfg = Debug|Any CPU
		{E87D6D34-86FE-4118-9E0A-C414ED5946E9}.Debug|x64.Build.0 = Debug|Any CPU
		{E87D6D34-86FE-4118-9E0A-C414ED5946E9}.Debug|x86.ActiveCfg = Debug|Any CPU
		{E87D6D34-86FE-4118-9E0A-C414ED5946E9}.Debug|x86.Build.0 = Debug|Any CPU
		{E87D6D34-86FE-4118-9E0A-C414ED5946E9}.Release|Any CPU.ActiveCfg = Release|Any CPU
		{E87D6D34-86FE-4118-9E0A-C414ED5946E9}.Release|Any CPU.Build.0 = Release|Any CPU
		{E87D6D34-86FE-4118-9E0A-C414ED5946E9}.Release|x64.ActiveCfg = Release|Any CPU
		{E87D6D34-86FE-4118-9E0A-C414ED5946E9}.Release|x64.Build.0 = Release|Any CPU
		{E87D6D34-86FE-4118-9E0A-C414ED5946E9}.Release|x86.ActiveCfg = Release|Any CPU
		{E87D6D34-86FE-4118-9E0A-C414ED5946E9}.Release|x86.Build.0 = Release|Any CPU
	EndGlobalSection
	GlobalSection(SolutionProperties) = preSolution
		HideSolutionNode = FALSE
	EndGlobalSection
	GlobalSection(NestedProjects) = preSolution
		{397C0C81-66EC-4976-B64C-E227F5882048} = {827E0CD3-B72D-47B6-A68D-7590B98EB39B}
		{B5EC977E-A0D0-4889-B132-7188D8C72E7D} = {827E0CD3-B72D-47B6-A68D-7590B98EB39B}
		{D1FE66D7-48D6-420D-93DE-CCE7E7258864} = {827E0CD3-B72D-47B6-A68D-7590B98EB39B}
		{BE5ABADD-F79D-4012-A6FF-ABB64C70FA9E} = {827E0CD3-B72D-47B6-A68D-7590B98EB39B}
		{BB870CD1-C526-46C1-B598-F06F61C0A8DE} = {0AB3BF05-4346-4AA6-1389-037BE0695223}
		{9B66D1FC-FA96-4269-86C0-6B11AE5A6614} = {0AB3BF05-4346-4AA6-1389-037BE0695223}
		{D5F73416-0E6E-41A7-9525-02F7AE45691E} = {0AB3BF05-4346-4AA6-1389-037BE0695223}
		{E87D6D34-86FE-4118-9E0A-C414ED5946E9} = {0AB3BF05-4346-4AA6-1389-037BE0695223}
	EndGlobalSection
EndGlobal
